
Microsoft Visual Studio Solution File, Format Version 12.00
# Visual Studio Version 16
VisualStudioVersion = 16.0.30317.65
MinimumVisualStudioVersion = 10.0.40219.1
Project("{FAE04EC0-301F-11D3-BF4B-00C04F79EFBC}") = "FA.Core", "FA.Core\FA.Core.csproj", "{9D31D259-1DDC-4772-8A23-87CF60D40F11}"
EndProject
Project("{FAE04EC0-301F-11D3-BF4B-00C04F79EFBC}") = "Fa.Present", "Fa.Present\Fa.Present.csproj", "{33580D89-62D2-403E-B909-D334662B70AB}"
EndProject
Global
	GlobalSection(SolutionConfigurationPlatforms) = preSolution
		Debug|Any CPU = Debug|Any CPU
		Release|Any CPU = Release|Any CPU
	EndGlobalSection
	GlobalSection(ProjectConfigurationPlatforms) = postSolution
		{9D31D259-1DDC-4772-8A23-87CF60D40F11}.Debug|Any CPU.ActiveCfg = Debug|Any CPU
		{9D31D259-1DDC-4772-8A23-87CF60D40F11}.Debug|Any CPU.Build.0 = Debug|Any CPU
		{9D31D259-1DDC-4772-8A23-87CF60D40F11}.Release|Any CPU.ActiveCfg = Release|Any CPU
		{9D31D259-1DDC-4772-8A23-87CF60D40F11}.Release|Any CPU.Build.0 = Release|Any CPU
		{33580D89-62D2-403E-B909-D334662B70AB}.Debug|Any CPU.ActiveCfg = Debug|Any CPU
		{33580D89-62D2-403E-B909-D334662B70AB}.Debug|Any CPU.Build.0 = Debug|Any CPU
		{33580D89-62D2-403E-B909-D334662B70AB}.Release|Any CPU.ActiveCfg = Release|Any CPU
		{33580D89-62D2-403E-B909-D334662B70AB}.Release|Any CPU.Build.0 = Release|Any CPU
	EndGlobalSection
	GlobalSection(SolutionProperties) = preSolution
		HideSolutionNode = FALSE
	EndGlobalSection
	GlobalSection(ExtensibilityGlobals) = postSolution
		SolutionGuid = {0B01C644-4759-4C89-B354-895B801C94F1}
	EndGlobalSection
EndGlobal
